{
  "name": "space-invaders",
  "version": "1.0.0",
  "lockfileVersion": 1,
  "requires": true,
  "dependencies": {
    "kaboom": {
      "version": "2000.1.8",
      "resolved": "https://registry.npmjs.org/kaboom/-/kaboom-2000.1.8.tgz",
      "integrity": "sha512-NNndGkxZ2Wa+BjPU4DEMMVrwAtUOOiIrnqqyPneExPXo+t3ixOtZEGZ7gUZG3oILnqzCcTSeNyHeZYjPfT37Bg=="
    }
  }
}
